
Microsoft Visual Studio Solution File, Format Version 12.00
# Visual Studio Version 17
VisualStudioVersion = 17.14.36221.1 d17.14
MinimumVisualStudioVersion = 10.0.40219.1
Project("{FAE04EC0-301F-11D3-BF4B-00C04F79EFBC}") = "Github", "Github\Github.csproj", "{6660D4BF-18DD-4738-ADD3-1026B0C463FD}"
EndProject
Global
	GlobalSection(SolutionConfigurationPlatforms) = preSolution
		Debug|Any CPU = Debug|Any CPU
		Release|Any CPU = Release|Any CPU
	EndGlobalSection
	GlobalSection(ProjectConfigurationPlatforms) = postSolution
		{6660D4BF-18DD-4738-ADD3-1026B0C463FD}.Debug|Any CPU.ActiveCfg = Debug|Any CPU
		{6660D4BF-18DD-4738-ADD3-1026B0C463FD}.Debug|Any CPU.Build.0 = Debug|Any CPU
		{6660D4BF-18DD-4738-ADD3-1026B0C463FD}.Release|Any CPU.ActiveCfg = Release|Any CPU
		{6660D4BF-18DD-4738-ADD3-1026B0C463FD}.Release|Any CPU.Build.0 = Release|Any CPU
	EndGlobalSection
	GlobalSection(SolutionProperties) = preSolution
		HideSolutionNode = FALSE
	EndGlobalSection
	GlobalSection(ExtensibilityGlobals) = postSolution
		SolutionGuid = {F57A73AF-12F8-4371-8F02-3AA7239C1674}
	EndGlobalSection
EndGlobal
